
Microsoft Visual Studio Solution File, Format Version 12.00
# Visual Studio Version 16
VisualStudioVersion = 16.0.32228.343
MinimumVisualStudioVersion = 10.0.40219.1
Project("{9A19103F-16F7-4668-BE54-9A1E7A4F7556}") = "APIGateway", "APIGateway\APIGateway.csproj", "{45E4CE67-1982-47E8-8F49-09E433C07B4B}"
EndProject
Project("{2150E333-8FDC-42A3-9474-1A3956D46DE8}") = "Services", "Services", "{A198D773-0070-439C-8B63-284A82E00DD1}"
EndProject
Project("{9A19103F-16F7-4668-BE54-9A1E7A4F7556}") = "Contact.API", "Services\ContactAPI\Contact.API\Contact.API.csproj", "{D98975F2-F861-451F-AFF7-29CBB6C5BCA4}"
EndProject
Project("{9A19103F-16F7-4668-BE54-9A1E7A4F7556}") = "Reservation.API", "Services\ResAPI\Reservation.API\Reservation.API.csproj", "{FD7CF0B8-44E0-43A7-AC48-973E791204EF}"
EndProject
Project("{2150E333-8FDC-42A3-9474-1A3956D46DE8}") = "ContactAPI", "ContactAPI", "{EE449E2A-672D-4DE8-80E0-784D0703BDE9}"
EndProject
Project("{2150E333-8FDC-42A3-9474-1A3956D46DE8}") = "ReservationAPI", "ReservationAPI", "{1F333BE8-4FA1-47E5-9BCB-38C4AD02ED7D}"
EndProject
Project("{9A19103F-16F7-4668-BE54-9A1E7A4F7556}") = "Contact.API.Infrastructure", "Services\ContactAPI\Contact.API.Infrastructure\Contact.API.Infrastructure.csproj", "{9BC735B8-BAD5-457E-8D44-F85642E75790}"
EndProject
Project("{9A19103F-16F7-4668-BE54-9A1E7A4F7556}") = "Contact.API.Models", "Services\ContactAPI\Contact.API.Models\Contact.API.Models.csproj", "{33984E50-EA22-4380-A533-F5CEC0DDE41C}"
EndProject
Project("{9A19103F-16F7-4668-BE54-9A1E7A4F7556}") = "Contact.API.Services", "Services\ContactAPI\Contact.API.Services\Contact.API.Services.csproj", "{449656E2-82AF-46CB-9FC7-307D107F11B6}"
EndProject
Project("{FAE04EC0-301F-11D3-BF4B-00C04F79EFBC}") = "Reservation.API.Infrastructure", "Services\ResAPI\Reservation.API.Infrastructure\Reservation.API.Infrastructure.csproj", "{97ADECF2-DE0D-4765-B42B-CD016D3BFC10}"
EndProject
Project("{FAE04EC0-301F-11D3-BF4B-00C04F79EFBC}") = "Reservation.API.Services", "Services\ResAPI\Reservation.API.Services\Reservation.API.Services.csproj", "{4080675C-8BC6-47F0-B5EA-FF6FD7170A53}"
EndProject
Project("{FAE04EC0-301F-11D3-BF4B-00C04F79EFBC}") = "Reservation.API.Models", "Services\ResAPI\Reservation.API.Models\Reservation.API.Models.csproj", "{9B696D8A-AEF9-4BE8-9A0A-73A988E4986F}"
EndProject
Global
	GlobalSection(SolutionConfigurationPlatforms) = preSolution
		Debug|Any CPU = Debug|Any CPU
		Release|Any CPU = Release|Any CPU
	EndGlobalSection
	GlobalSection(ProjectConfigurationPlatforms) = postSolution
		{45E4CE67-1982-47E8-8F49-09E433C07B4B}.Debug|Any CPU.ActiveCfg = Debug|Any CPU
		{45E4CE67-1982-47E8-8F49-09E433C07B4B}.Debug|Any CPU.Build.0 = Debug|Any CPU
		{45E4CE67-1982-47E8-8F49-09E433C07B4B}.Release|Any CPU.ActiveCfg = Release|Any CPU
		{45E4CE67-1982-47E8-8F49-09E433C07B4B}.Release|Any CPU.Build.0 = Release|Any CPU
		{D98975F2-F861-451F-AFF7-29CBB6C5BCA4}.Debug|Any CPU.ActiveCfg = Debug|Any CPU
		{D98975F2-F861-451F-AFF7-29CBB6C5BCA4}.Debug|Any CPU.Build.0 = Debug|Any CPU
		{D98975F2-F861-451F-AFF7-29CBB6C5BCA4}.Release|Any CPU.ActiveCfg = Release|Any CPU
		{D98975F2-F861-451F-AFF7-29CBB6C5BCA4}.Release|Any CPU.Build.0 = Release|Any CPU
		{FD7CF0B8-44E0-43A7-AC48-973E791204EF}.Debug|Any CPU.ActiveCfg = Debug|Any CPU
		{FD7CF0B8-44E0-43A7-AC48-973E791204EF}.Debug|Any CPU.Build.0 = Debug|Any CPU
		{FD7CF0B8-44E0-43A7-AC48-973E791204EF}.Release|Any CPU.ActiveCfg = Release|Any CPU
		{FD7CF0B8-44E0-43A7-AC48-973E791204EF}.Release|Any CPU.Build.0 = Release|Any CPU
		{9BC735B8-BAD5-457E-8D44-F85642E75790}.Debug|Any CPU.ActiveCfg = Debug|Any CPU
		{9BC735B8-BAD5-457E-8D44-F85642E75790}.Debug|Any CPU.Build.0 = Debug|Any CPU
		{9BC735B8-BAD5-457E-8D44-F85642E75790}.Release|Any CPU.ActiveCfg = Release|Any CPU
		{9BC735B8-BAD5-457E-8D44-F85642E75790}.Release|Any CPU.Build.0 = Release|Any CPU
		{33984E50-EA22-4380-A533-F5CEC0DDE41C}.Debug|Any CPU.ActiveCfg = Debug|Any CPU
		{33984E50-EA22-4380-A533-F5CEC0DDE41C}.Debug|Any CPU.Build.0 = Debug|Any CPU
		{33984E50-EA22-4380-A533-F5CEC0DDE41C}.Release|Any CPU.ActiveCfg = Release|Any CPU
		{33984E50-EA22-4380-A533-F5CEC0DDE41C}.Release|Any CPU.Build.0 = Release|Any CPU
		{449656E2-82AF-46CB-9FC7-307D107F11B6}.Debug|Any CPU.ActiveCfg = Debug|Any CPU
		{449656E2-82AF-46CB-9FC7-307D107F11B6}.Debug|Any CPU.Build.0 = Debug|Any CPU
		{449656E2-82AF-46CB-9FC7-307D107F11B6}.Release|Any CPU.ActiveCfg = Release|Any CPU
		{449656E2-82AF-46CB-9FC7-307D107F11B6}.Release|Any CPU.Build.0 = Release|Any CPU
		{97ADECF2-DE0D-4765-B42B-CD016D3BFC10}.Debug|Any CPU.ActiveCfg = Debug|Any CPU
		{97ADECF2-DE0D-4765-B42B-CD016D3BFC10}.Debug|Any CPU.Build.0 = Debug|Any CPU
		{97ADECF2-DE0D-4765-B42B-CD016D3BFC10}.Release|Any CPU.ActiveCfg = Release|Any CPU
		{97ADECF2-DE0D-4765-B42B-CD016D3BFC10}.Release|Any CPU.Build.0 = Release|Any CPU
		{4080675C-8BC6-47F0-B5EA-FF6FD7170A53}.Debug|Any CPU.ActiveCfg = Debug|Any CPU
		{4080675C-8BC6-47F0-B5EA-FF6FD7170A53}.Debug|Any CPU.Build.0 = Debug|Any CPU
		{4080675C-8BC6-47F0-B5EA-FF6FD7170A53}.Release|Any CPU.ActiveCfg = Release|Any CPU
		{4080675C-8BC6-47F0-B5EA-FF6FD7170A53}.Release|Any CPU.Build.0 = Release|Any CPU
		{9B696D8A-AEF9-4BE8-9A0A-73A988E4986F}.Debug|Any CPU.ActiveCfg = Debug|Any CPU
		{9B696D8A-AEF9-4BE8-9A0A-73A988E4986F}.Debug|Any CPU.Build.0 = Debug|Any CPU
		{9B696D8A-AEF9-4BE8-9A0A-73A988E4986F}.Release|Any CPU.ActiveCfg = Release|Any CPU
		{9B696D8A-AEF9-4BE8-9A0A-73A988E4986F}.Release|Any CPU.Build.0 = Release|Any CPU
	EndGlobalSection
	GlobalSection(SolutionProperties) = preSolution
		HideSolutionNode = FALSE
	EndGlobalSection
	GlobalSection(NestedProjects) = preSolution
		{D98975F2-F861-451F-AFF7-29CBB6C5BCA4} = {EE449E2A-672D-4DE8-80E0-784D0703BDE9}
		{FD7CF0B8-44E0-43A7-AC48-973E791204EF} = {1F333BE8-4FA1-47E5-9BCB-38C4AD02ED7D}
		{EE449E2A-672D-4DE8-80E0-784D0703BDE9} = {A198D773-0070-439C-8B63-284A82E00DD1}
		{1F333BE8-4FA1-47E5-9BCB-38C4AD02ED7D} = {A198D773-0070-439C-8B63-284A82E00DD1}
		{9BC735B8-BAD5-457E-8D44-F85642E75790} = {EE449E2A-672D-4DE8-80E0-784D0703BDE9}
		{33984E50-EA22-4380-A533-F5CEC0DDE41C} = {EE449E2A-672D-4DE8-80E0-784D0703BDE9}
		{449656E2-82AF-46CB-9FC7-307D107F11B6} = {EE449E2A-672D-4DE8-80E0-784D0703BDE9}
		{97ADECF2-DE0D-4765-B42B-CD016D3BFC10} = {1F333BE8-4FA1-47E5-9BCB-38C4AD02ED7D}
		{4080675C-8BC6-47F0-B5EA-FF6FD7170A53} = {1F333BE8-4FA1-47E5-9BCB-38C4AD02ED7D}
		{9B696D8A-AEF9-4BE8-9A0A-73A988E4986F} = {1F333BE8-4FA1-47E5-9BCB-38C4AD02ED7D}
	EndGlobalSection
	GlobalSection(ExtensibilityGlobals) = postSolution
		SolutionGuid = {2C433D3C-8B8A-44EE-AEBF-15CA5DB40194}
	EndGlobalSection
EndGlobal
